// !$*UTF8*$!
{
	archiveVersion = 1;
	classes = {
	};
	objectVersion = 50;
	objects = {

/* Begin PBXBuildFile section */
		40641B8823E12897001F3227 /* AppDelegate.swift in Sources */ = {isa = PBXBuildFile; fileRef = 40641B8723E12897001F3227 /* AppDelegate.swift */; };
		40641B8A23E12897001F3227 /* SceneDelegate.swift in Sources */ = {isa = PBXBuildFile; fileRef = 40641B8923E12897001F3227 /* SceneDelegate.swift */; };
		40641B8C23E12897001F3227 /* ViewController.swift in Sources */ = {isa = PBXBuildFile; fileRef = 40641B8B23E12897001F3227 /* ViewController.swift */; };
		40641B8F23E12897001F3227 /* Main.storyboard in Resources */ = {isa = PBXBuildFile; fileRef = 40641B8D23E12897001F3227 /* Main.storyboard */; };
		40641B9123E128A0001F3227 /* Assets.xcassets in Resources */ = {isa = PBXBuildFile; fileRef = 40641B9023E128A0001F3227 /* Assets.xcassets */; };
		40641B9423E128A0001F3227 /* LaunchScreen.storyboard in Resources */ = {isa = PBXBuildFile; fileRef = 40641B9223E128A0001F3227 /* LaunchScreen.storyboard */; };
		40641B9F23E128A1001F3227 /* RainbowUITests.swift in Sources */ = {isa = PBXBuildFile; fileRef = 40641B9E23E128A1001F3227 /* RainbowUITests.swift */; };
/* End PBXBuildFile section */

/* Begin PBXContainerItemProxy section */
		40641B9B23E128A1001F3227 /* PBXContainerItemProxy */ = {
			isa = PBXContainerItemProxy;
			containerPortal = 40641B7C23E12897001F3227 /* Project object */;
			proxyType = 1;
			remoteGlobalIDString = 40641B8323E12897001F3227;
			remoteInfo = Rainbow;
		};
/* End PBXContainerItemProxy section */

/* Begin PBXFileReference section */
		40641B8423E12897001F3227 /* Rainbow.app */ = {isa = PBXFileReference; explicitFileType = wrapper.application; includeInIndex = 0; path = Rainbow.app; sourceTree = BUILT_PRODUCTS_DIR; };
		40641B8723E12897001F3227 /* AppDelegate.swift */ = {isa = PBXFileReference; lastKnownFileType = sourcecode.swift; path = AppDelegate.swift; sourceTree = "<group>"; };
		40641B8923E12897001F3227 /* SceneDelegate.swift */ = {isa = PBXFileReference; lastKnownFileType = sourcecode.swift; path = SceneDelegate.swift; sourceTree = "<group>"; };
		40641B8B23E12897001F3227 /* ViewController.swift */ = {isa = PBXFileReference; lastKnownFileType = sourcecode.swift; path = ViewController.swift; sourceTree = "<group>"; };
		40641B8E23E12897001F3227 /* Base */ = {isa = PBXFileReference; lastKnownFileType = file.storyboard; name = Base; path = Base.lproj/Main.storyboard; sourceTree = "<group>"; };
		40641B9023E128A0001F3227 /* Assets.xcassets */ = {isa = PBXFileReference; lastKnownFileType = folder.assetcatalog; path = Assets.xcassets; sourceTree = "<group>"; };
		40641B9323E128A0001F3227 /* Base */ = {isa = PBXFileReference; lastKnownFileType = file.storyboard; name = Base; path = Base.lproj/LaunchScreen.storyboard; sourceTree = "<group>"; };
		40641B9523E128A0001F3227 /* Info.plist */ = {isa = PBXFileReference; lastKnownFileType = text.plist.xml; path = Info.plist; sourceTree = "<group>"; };
		40641B9A23E128A1001F3227 /* RainbowUITests.xctest */ = {isa = PBXFileReference; explicitFileType = wrapper.cfbundle; includeInIndex = 0; path = RainbowUITests.xctest; sourceTree = BUILT_PRODUCTS_DIR; };
		40641B9E23E128A1001F3227 /* RainbowUITests.swift */ = {isa = PBXFileReference; lastKnownFileType = sourcecode.swift; path = RainbowUITests.swift; sourceTree = "<group>"; };
		40641BA023E128A1001F3227 /* Info.plist */ = {isa = PBXFileReference; lastKnownFileType = text.plist.xml; path = Info.plist; sourceTree = "<group>"; };
/* End PBXFileReference section */

/* Begin PBXFrameworksBuildPhase section */
		40641B8123E12897001F3227 /* Frameworks */ = {
			isa = PBXFrameworksBuildPhase;
			buildActionMask = 2147483647;
			files = (
			);
			runOnlyForDeploymentPostprocessing = 0;
		};
		40641B9723E128A1001F3227 /* Frameworks */ = {
			isa = PBXFrameworksBuildPhase;
			buildActionMask = 2147483647;
			files = (
			);
			runOnlyForDeploymentPostprocessing = 0;
		};
/* End PBXFrameworksBuildPhase section */

/* Begin PBXGroup section */
		40641B7B23E12897001F3227 = {
			isa = PBXGroup;
			children = (
				40641B8623E12897001F3227 /* Rainbow */,
				40641B9D23E128A1001F3227 /* RainbowUITests */,
				40641B8523E12897001F3227 /* Products */,
			);
			sourceTree = "<group>";
		};
		40641B8523E12897001F3227 /* Products */ = {
			isa = PBXGroup;
			children = (
				40641B8423E12897001F3227 /* Rainbow.app */,
				40641B9A23E128A1001F3227 /* RainbowUITests.xctest */,
			);
			name = Products;
			sourceTree = "<group>";
		};
		40641B8623E12897001F3227 /* Rainbow */ = {
			isa = PBXGroup;
			children = (
				40641B8723E12897001F3227 /* AppDelegate.swift */,
				40641B8923E12897001F3227 /* SceneDelegate.swift */,
				40641B8B23E12897001F3227 /* ViewController.swift */,
				40641B8D23E12897001F3227 /* Main.storyboard */,
				40641B9023E128A0001F3227 /* Assets.xcassets */,
				40641B9223E128A0001F3227 /* LaunchScreen.storyboard */,
				40641B9523E128A0001F3227 /* Info.plist */,
			);
			path = Rainbow;
			sourceTree = "<group>";
		};
		40641B9D23E128A1001F3227 /* RainbowUITests */ = {
			isa = PBXGroup;
			children = (
				40641B9E23E128A1001F3227 /* RainbowUITests.swift */,
				40641BA023E128A1001F3227 /* Info.plist */,
			);
			path = RainbowUITests;
			sourceTree = "<group>";
		};
/* End PBXGroup section */

/* Begin PBXNativeTarget section */
		40641B8323E12897001F3227 /* Rainbow */ = {
			isa = PBXNativeTarget;
			buildConfigurationList = 40641BA323E128A1001F3227 /* Build configuration list for PBXNativeTarget "Rainbow" */;
			buildPhases = (
				40641B8023E12897001F3227 /* Sources */,
				40641B8123E12897001F3227 /* Frameworks */,
				40641B8223E12897001F3227 /* Resources */,
			);
			buildRules = (
			);
			dependencies = (
			);
			name = Rainbow;
			productName = Rainbow;
			productReference = 40641B8423E12897001F3227 /* Rainbow.app */;
			productType = "com.apple.product-type.application";
		};
		40641B9923E128A1001F3227 /* RainbowUITests */ = {
			isa = PBXNativeTarget;
			buildConfigurationList = 40641BA623E128A1001F3227 /* Build configuration list for PBXNativeTarget "RainbowUITests" */;
			buildPhases = (
				40641B9623E128A1001F3227 /* Sources */,
				40641B9723E128A1001F3227 /* Frameworks */,
				40641B9823E128A1001F3227 /* Resources */,
			);
			buildRules = (
			);
			dependencies = (
				40641B9C23E128A1001F3227 /* PBXTargetDependency */,
			);
			name = RainbowUITests;
			productName = RainbowUITests;
			productReference = 40641B9A23E128A1001F3227 /* RainbowUITests.xctest */;
			productType = "com.apple.product-type.bundle.ui-testing";
		};
/* End PBXNativeTarget section */

/* Begin PBXProject section */
		40641B7C23E12897001F3227 /* Project object */ = {
			isa = PBXProject;
			attributes = {
				LastSwiftUpdateCheck = 1130;
				LastUpgradeCheck = 1130;
				ORGANIZATIONNAME = "True Ballin";
				TargetAttributes = {
					40641B8323E12897001F3227 = {
						CreatedOnToolsVersion = 11.3.1;
					};
					40641B9923E128A1001F3227 = {
						CreatedOnToolsVersion = 11.3.1;
						TestTargetID = 40641B8323E12897001F3227;
					};
				};
			};
			buildConfigurationList = 40641B7F23E12897001F3227 /* Build configuration list for PBXProject "Rainbow" */;
			compatibilityVersion = "Xcode 9.3";
			developmentRegion = en;
			hasScannedForEncodings = 0;
			knownRegions = (
				en,
				Base,
			);
			mainGroup = 40641B7B23E12897001F3227;
			productRefGroup = 40641B8523E12897001F3227 /* Products */;
			projectDirPath = "";
			projectRoot = "";
			targets = (
				40641B8323E12897001F3227 /* Rainbow */,
				40641B9923E128A1001F3227 /* RainbowUITests */,
			);
		};
/* End PBXProject section */

/* Begin PBXResourcesBuildPhase section */
		40641B8223E12897001F3227 /* Resources */ = {
			isa = PBXResourcesBuildPhase;
			buildActionMask = 2147483647;
			files = (
				40641B9423E128A0001F3227 /* LaunchScreen.storyboard in Resources */,
				40641B9123E128A0001F3227 /* Assets.xcassets in Resources */,
				40641B8F23E12897001F3227 /* Main.storyboard in Resources */,
			);
			runOnlyForDeploymentPostprocessing = 0;
		};
		40641B9823E128A1001F3227 /* Resources */ = {
			isa = PBXResourcesBuildPhase;
			buildActionMask = 2147483647;
			files = (
			);
			runOnlyForDeploymentPostprocessing = 0;
		};
/* End PBXResourcesBuildPhase section */

/* Begin PBXSourcesBuildPhase section */
		40641B8023E12897001F3227 /* Sources */ = {
			isa = PBXSourcesBuildPhase;
			buildActionMask = 2147483647;
			files = (
				40641B8C23E12897001F3227 /* ViewController.swift in Sources */,
				40641B8823E12897001F3227 /* AppDelegate.swift in Sources */,
				40641B8A23E12897001F3227 /* SceneDelegate.swift in Sources */,
			);
			runOnlyForDeploymentPostprocessing = 0;
		};
		40641B9623E128A1001F3227 /* Sources */ = {
			isa = PBXSourcesBuildPhase;
			buildActionMask = 2147483647;
			files = (
				40641B9F23E128A1001F3227 /* RainbowUITests.swift in Sources */,
			);
			runOnlyForDeploymentPostprocessing = 0;
		};
/* End PBXSourcesBuildPhase section */

/* Begin PBXTargetDependency section */
		40641B9C23E128A1001F3227 /* PBXTargetDependency */ = {
			isa = PBXTargetDependency;
			target = 40641B8323E12897001F3227 /* Rainbow */;
			targetProxy = 40641B9B23E128A1001F3227 /* PBXContainerItemProxy */;
		};
/* End PBXTargetDependency section */

/* Begin PBXVariantGroup section */
		40641B8D23E12897001F3227 /* Main.storyboard */ = {
			isa = PBXVariantGroup;
			children = (
				40641B8E23E12897001F3227 /* Base */,
			);
			name = Main.storyboard;
			sourceTree = "<group>";
		};
		40641B9223E128A0001F3227 /* LaunchScreen.storyboard */ = {
			isa = PBXVariantGroup;
			children = (
				40641B9323E128A0001F3227 /* Base */,
			);
			name = LaunchScreen.storyboard;
			sourceTree = "<group>";
		};
/* End PBXVariantGroup section */

/* Begin XCBuildConfiguration section */
		40641BA123E128A1001F3227 /* Debug */ = {
			isa = XCBuildConfiguration;
			buildSettings = {
				ALWAYS_SEARCH_USER_PATHS = NO;
				CLANG_ANALYZER_NONNULL = YES;
				CLANG_ANALYZER_NUMBER_OBJECT_CONVERSION = YES_AGGRESSIVE;
				CLANG_CXX_LANGUAGE_STANDARD = "gnu++14";
				CLANG_CXX_LIBRARY = "libc++";
				CLANG_ENABLE_MODULES = YES;
				CLANG_ENABLE_OBJC_ARC = YES;
				CLANG_ENABLE_OBJC_WEAK = YES;
				CLANG_WARN_BLOCK_CAPTURE_AUTORELEASING = YES;
				CLANG_WARN_BOOL_CONVERSION = YES;
				CLANG_WARN_COMMA = YES;
				CLANG_WARN_CONSTANT_CONVERSION = YES;
				CLANG_WARN_DEPRECATED_OBJC_IMPLEMENTATIONS = YES;
				CLANG_WARN_DIRECT_OBJC_ISA_USAGE = YES_ERROR;
				CLANG_WARN_DOCUMENTATION_COMMENTS = YES;
				CLANG_WARN_EMPTY_BODY = YES;
				CLANG_WARN_ENUM_CONVERSION = YES;
				CLANG_WARN_INFINITE_RECURSION = YES;
				CLANG_WARN_INT_CONVERSION = YES;
				CLANG_WARN_NON_LITERAL_NULL_CONVERSION = YES;
				CLANG_WARN_OBJC_IMPLICIT_RETAIN_SELF = YES;
				CLANG_WARN_OBJC_LITERAL_CONVERSION = YES;
				CLANG_WARN_OBJC_ROOT_CLASS = YES_ERROR;
				CLANG_WARN_RANGE_LOOP_ANALYSIS = YES;
				CLANG_WARN_STRICT_PROTOTYPES = YES;
				CLANG_WARN_SUSPICIOUS_MOVE = YES;
				CLANG_WARN_UNGUARDED_AVAILABILITY = YES_AGGRESSIVE;
				CLANG_WARN_UNREACHABLE_CODE = YES;
				CLANG_WARN__DUPLICATE_METHOD_MATCH = YES;
				COPY_PHASE_STRIP = NO;
				DEBUG_INFORMATION_FORMAT = dwarf;
				ENABLE_STRICT_OBJC_MSGSEND = YES;
				ENABLE_TESTABILITY = YES;
				GCC_C_LANGUAGE_STANDARD = gnu11;
				GCC_DYNAMIC_NO_PIC = NO;
				GCC_NO_COMMON_BLOCKS = YES;
				GCC_OPTIMIZATION_LEVEL = 0;
				GCC_PREPROCESSOR_DEFINITIONS = (
					"DEBUG=1",
					"$(inherited)",
				);
				GCC_WARN_64_TO_32_BIT_CONVERSION = YES;
				GCC_WARN_ABOUT_RETURN_TYPE = YES_ERROR;
				GCC_WARN_UNDECLARED_SELECTOR = YES;
				GCC_WARN_UNINITIALIZED_AUTOS = YES_AGGRESSIVE;
				GCC_WARN_UNUSED_FUNCTION = YES;
				GCC_WARN_UNUSED_VARIABLE = YES;
				IPHONEOS_DEPLOYMENT_TARGET = 13.2;
				MTL_ENABLE_DEBUG_INFO = INCLUDE_SOURCE;
				MTL_FAST_MATH = YES;
				ONLY_ACTIVE_ARCH = YES;
				SDKROOT = iphoneos;
				SWIFT_ACTIVE_COMPILATION_CONDITIONS = DEBUG;
				SWIFT_OPTIMIZATION_LEVEL = "-Onone";
			};
			name = Debug;
		};
		40641BA223E128A1001F3227 /* Release */ = {
			isa = XCBuildConfiguration;
			buildSettings = {
				ALWAYS_SEARCH_USER_PATHS = NO;
				CLANG_ANALYZER_NONNULL = YES;
				CLANG_ANALYZER_NUMBER_OBJECT_CONVERSION = YES_AGGRESSIVE;
				CLANG_CXX_LANGUAGE_STANDARD = "gnu++14";
				CLANG_CXX_LIBRARY = "libc++";
				CLANG_ENABLE_MODULES = YES;
				CLANG_ENABLE_OBJC_ARC = YES;
				CLANG_ENABLE_OBJC_WEAK = YES;
				CLANG_WARN_BLOCK_CAPTURE_AUTORELEASING = YES;
				CLANG_WARN_BOOL_CONVERSION = YES;
				CLANG_WARN_COMMA = YES;
				CLANG_WARN_CONSTANT_CONVERSION = YES;
				CLANG_WARN_DEPRECATED_OBJC_IMPLEMENTATIONS = YES;
				CLANG_WARN_DIRECT_OBJC_ISA_USAGE = YES_ERROR;
				CLANG_WARN_DOCUMENTATION_COMMENTS = YES;
				CLANG_WARN_EMPTY_BODY = YES;
				CLANG_WARN_ENUM_CONVERSION = YES;
				CLANG_WARN_INFINITE_RECURSION = YES;
				CLANG_WARN_INT_CONVERSION = YES;
				CLANG_WARN_NON_LITERAL_NULL_CONVERSION = YES;
				CLANG_WARN_OBJC_IMPLICIT_RETAIN_SELF = YES;
				CLANG_WARN_OBJC_LITERAL_CONVERSION = YES;
				CLANG_WARN_OBJC_ROOT_CLASS = YES_ERROR;
				CLANG_WARN_RANGE_LOOP_ANALYSIS = YES;
				CLANG_WARN_STRICT_PROTOTYPES = YES;
				CLANG_WARN_SUSPICIOUS_MOVE = YES;
				CLANG_WARN_UNGUARDED_AVAILABILITY = YES_AGGRESSIVE;
				CLANG_WARN_UNREACHABLE_CODE = YES;
				CLANG_WARN__DUPLICATE_METHOD_MATCH = YES;
				COPY_PHASE_STRIP = NO;
				DEBUG_INFORMATION_FORMAT = "dwarf-with-dsym";
				ENABLE_NS_ASSERTIONS = NO;
				ENABLE_STRICT_OBJC_MSGSEND = YES;
				GCC_C_LANGUAGE_STANDARD = gnu11;
				GCC_NO_COMMON_BLOCKS = YES;
				GCC_WARN_64_TO_32_BIT_CONVERSION = YES;
				GCC_WARN_ABOUT_RETURN_TYPE = YES_ERROR;
				GCC_WARN_UNDECLARED_SELECTOR = YES;
				GCC_WARN_UNINITIALIZED_AUTOS = YES_AGGRESSIVE;
				GCC_WARN_UNUSED_FUNCTION = YES;
				GCC_WARN_UNUSED_VARIABLE = YES;
				IPHONEOS_DEPLOYMENT_TARGET = 13.2;
				MTL_ENABLE_DEBUG_INFO = NO;
				MTL_FAST_MATH = YES;
				SDKROOT = iphoneos;
				SWIFT_COMPILATION_MODE = wholemodule;
				SWIFT_OPTIMIZATION_LEVEL = "-O";
				VALIDATE_PRODUCT = YES;
			};
			name = Release;
		};
		40641BA423E128A1001F3227 /* Debug */ = {
			isa = XCBuildConfiguration;
			buildSettings = {
				ASSETCATALOG_COMPILER_APPICON_NAME = AppIcon;
				CODE_SIGN_STYLE = Automatic;
				INFOPLIST_FILE = Rainbow/Info.plist;
				LD_RUNPATH_SEARCH_PATHS = (
					"$(inherited)",
					"@executable_path/Frameworks",
				);
				PRODUCT_BUNDLE_IDENTIFIER = RadixMal.Rainbow;
				PRODUCT_NAME = "$(TARGET_NAME)";
				SWIFT_VERSION = 5.0;
				TARGETED_DEVICE_FAMILY = "1,2";
			};
			name = Debug;
		};
		40641BA523E128A1001F3227 /* Release */ = {
			isa = XCBuildConfiguration;
			buildSettings = {
				ASSETCATALOG_COMPILER_APPICON_NAME = AppIcon;
				CODE_SIGN_STYLE = Automatic;
				INFOPLIST_FILE = Rainbow/Info.plist;
				LD_RUNPATH_SEARCH_PATHS = (
					"$(inherited)",
					"@executable_path/Frameworks",
				);
				PRODUCT_BUNDLE_IDENTIFIER = RadixMal.Rainbow;
				PRODUCT_NAME = "$(TARGET_NAME)";
				SWIFT_VERSION = 5.0;
				TARGETED_DEVICE_FAMILY = "1,2";
			};
			name = Release;
		};
		40641BA723E128A1001F3227 /* Debug */ = {
			isa = XCBuildConfiguration;
			buildSettings = {
				ALWAYS_EMBED_SWIFT_STANDARD_LIBRARIES = YES;
				CODE_SIGN_STYLE = Automatic;
				INFOPLIST_FILE = RainbowUITests/Info.plist;
				LD_RUNPATH_SEARCH_PATHS = (
					"$(inherited)",
					"@executable_path/Frameworks",
					"@loader_path/Frameworks",
				);
				PRODUCT_BUNDLE_IDENTIFIER = RadixMal.RainbowUITests;
				PRODUCT_NAME = "$(TARGET_NAME)";
				SWIFT_VERSION = 5.0;
				TARGETED_DEVICE_FAMILY = "1,2";
				TEST_TARGET_NAME = Rainbow;
			};
			name = Debug;
		};
		40641BA823E128A1001F3227 /* Release */ = {
			isa = XCBuildConfiguration;
			buildSettings = {
				ALWAYS_EMBED_SWIFT_STANDARD_LIBRARIES = YES;
				CODE_SIGN_STYLE = Automatic;
				INFOPLIST_FILE = RainbowUITests/Info.plist;
				LD_RUNPATH_SEARCH_PATHS = (
					"$(inherited)",
					"@executable_path/Frameworks",
					"@loader_path/Frameworks",
				);
				PRODUCT_BUNDLE_IDENTIFIER = RadixMal.RainbowUITests;
				PRODUCT_NAME = "$(TARGET_NAME)";
				SWIFT_VERSION = 5.0;
				TARGETED_DEVICE_FAMILY = "1,2";
				TEST_TARGET_NAME = Rainbow;
			};
			name = Release;
		};
/* End XCBuildConfiguration section */

/* Begin XCConfigurationList section */
		40641B7F23E12897001F3227 /* Build configuration list for PBXProject "Rainbow" */ = {
			isa = XCConfigurationList;
			buildConfigurations = (
				40641BA123E128A1001F3227 /* Debug */,
				40641BA223E128A1001F3227 /* Release */,
			);
			defaultConfigurationIsVisible = 0;
			defaultConfigurationName = Release;
		};
		40641BA323E128A1001F3227 /* Build configuration list for PBXNativeTarget "Rainbow" */ = {
			isa = XCConfigurationList;
			buildConfigurations = (
				40641BA423E128A1001F3227 /* Debug */,
				40641BA523E128A1001F3227 /* Release */,
			);
			defaultConfigurationIsVisible = 0;
			defaultConfigurationName = Release;
		};
		40641BA623E128A1001F3227 /* Build configuration list for PBXNativeTarget "RainbowUITests" */ = {
			isa = XCConfigurationList;
			buildConfigurations = (
				40641BA723E128A1001F3227 /* Debug */,
				40641BA823E128A1001F3227 /* Release */,
			);
			defaultConfigurationIsVisible = 0;
			defaultConfigurationName = Release;
		};
/* End XCConfigurationList section */
	};
	rootObject = 40641B7C23E12897001F3227 /* Project object */;
}
